
Microsoft Visual Studio Solution File, Format Version 12.00
# Visual Studio Version 17
VisualStudioVersion = 17.12.35527.113
MinimumVisualStudioVersion = 10.0.40219.1
Project("{8BC9CEB8-8B4A-11D0-8D11-00A0C91BC942}") = "SmbiosDecode", "SmbiosDecode.vcxproj", "{28468506-07F8-4CBB-8D72-1EE9D6E045C8}"
EndProject
Project("{8BC9CEB8-8B4A-11D0-8D11-00A0C91BC942}") = "FirmwareSpecTest", "FirmwareSpecTest.vcxproj", "{84BE17F9-5844-46D4-9BFB-2EF50D1182F2}"
EndProject
Project("{8BC9CEB8-8B4A-11D0-8D11-00A0C91BC942}") = "AcpiDecode", "AcpiDecode.vcxproj", "{B48C9534-60A8-40BC-B884-C0A01615546F}"
EndProject
Project("{8BC9CEB8-8B4A-11D0-8D11-00A0C91BC942}") = "CpuidDecode", "CpuidDecode.vcxproj", "{53ECA139-28DC-4FDB-A815-AE5D4A438BD5}"
EndProject
Global
	GlobalSection(SolutionConfigurationPlatforms) = preSolution
		Debug|ARM64 = Debug|ARM64
		Debug|x64 = Debug|x64
		Debug|x86 = Debug|x86
		Release|ARM64 = Release|ARM64
		Release|x64 = Release|x64
		Release|x86 = Release|x86
	EndGlobalSection
	GlobalSection(ProjectConfigurationPlatforms) = postSolution
		{28468506-07F8-4CBB-8D72-1EE9D6E045C8}.Debug|ARM64.ActiveCfg = Debug|ARM64
		{28468506-07F8-4CBB-8D72-1EE9D6E045C8}.Debug|ARM64.Build.0 = Debug|ARM64
		{28468506-07F8-4CBB-8D72-1EE9D6E045C8}.Debug|x64.ActiveCfg = Debug|x64
		{28468506-07F8-4CBB-8D72-1EE9D6E045C8}.Debug|x64.Build.0 = Debug|x64
		{28468506-07F8-4CBB-8D72-1EE9D6E045C8}.Debug|x86.ActiveCfg = Debug|Win32
		{28468506-07F8-4CBB-8D72-1EE9D6E045C8}.Debug|x86.Build.0 = Debug|Win32
		{28468506-07F8-4CBB-8D72-1EE9D6E045C8}.Release|ARM64.ActiveCfg = Release|ARM64
		{28468506-07F8-4CBB-8D72-1EE9D6E045C8}.Release|ARM64.Build.0 = Release|ARM64
		{28468506-07F8-4CBB-8D72-1EE9D6E045C8}.Release|x64.ActiveCfg = Release|x64
		{28468506-07F8-4CBB-8D72-1EE9D6E045C8}.Release|x64.Build.0 = Release|x64
		{28468506-07F8-4CBB-8D72-1EE9D6E045C8}.Release|x86.ActiveCfg = Release|Win32
		{28468506-07F8-4CBB-8D72-1EE9D6E045C8}.Release|x86.Build.0 = Release|Win32
		{84BE17F9-5844-46D4-9BFB-2EF50D1182F2}.Debug|ARM64.ActiveCfg = Debug|ARM64
		{84BE17F9-5844-46D4-9BFB-2EF50D1182F2}.Debug|ARM64.Build.0 = Debug|ARM64
		{84BE17F9-5844-46D4-9BFB-2EF50D1182F2}.Debug|x64.ActiveCfg = Debug|x64
		{84BE17F9-5844-46D4-9BFB-2EF50D1182F2}.Debug|x64.Build.0 = Debug|x64
		{84BE17F9-5844-46D4-9BFB-2EF50D1182F2}.Debug|x86.ActiveCfg = Debug|Win32
		{84BE17F9-5844-46D4-9BFB-2EF50D1182F2}.Debug|x86.Build.0 = Debug|Win32
		{84BE17F9-5844-46D4-9BFB-2EF50D1182F2}.Release|ARM64.ActiveCfg = Release|ARM64
		{84BE17F9-5844-46D4-9BFB-2EF50D1182F2}.Release|ARM64.Build.0 = Release|ARM64
		{84BE17F9-5844-46D4-9BFB-2EF50D1182F2}.Release|x64.ActiveCfg = Release|x64
		{84BE17F9-5844-46D4-9BFB-2EF50D1182F2}.Release|x64.Build.0 = Release|x64
		{84BE17F9-5844-46D4-9BFB-2EF50D1182F2}.Release|x86.ActiveCfg = Release|Win32
		{84BE17F9-5844-46D4-9BFB-2EF50D1182F2}.Release|x86.Build.0 = Release|Win32
		{B48C9534-60A8-40BC-B884-C0A01615546F}.Debug|ARM64.ActiveCfg = Debug|ARM64
		{B48C9534-60A8-40BC-B884-C0A01615546F}.Debug|ARM64.Build.0 = Debug|ARM64
		{B48C9534-60A8-40BC-B884-C0A01615546F}.Debug|x64.ActiveCfg = Debug|x64
		{B48C9534-60A8-40BC-B884-C0A01615546F}.Debug|x64.Build.0 = Debug|x64
		{B48C9534-60A8-40BC-B884-C0A01615546F}.Debug|x86.ActiveCfg = Debug|Win32
		{B48C9534-60A8-40BC-B884-C0A01615546F}.Debug|x86.Build.0 = Debug|Win32
		{B48C9534-60A8-40BC-B884-C0A01615546F}.Release|ARM64.ActiveCfg = Release|ARM64
		{B48C9534-60A8-40BC-B884-C0A01615546F}.Release|ARM64.Build.0 = Release|ARM64
		{B48C9534-60A8-40BC-B884-C0A01615546F}.Release|x64.ActiveCfg = Release|x64
		{B48C9534-60A8-40BC-B884-C0A01615546F}.Release|x64.Build.0 = Release|x64
		{B48C9534-60A8-40BC-B884-C0A01615546F}.Release|x86.ActiveCfg = Release|Win32
		{B48C9534-60A8-40BC-B884-C0A01615546F}.Release|x86.Build.0 = Release|Win32
		{53ECA139-28DC-4FDB-A815-AE5D4A438BD5}.Debug|ARM64.ActiveCfg = Debug|ARM64
		{53ECA139-28DC-4FDB-A815-AE5D4A438BD5}.Debug|ARM64.Build.0 = Debug|ARM64
		{53ECA139-28DC-4FDB-A815-AE5D4A438BD5}.Debug|x64.ActiveCfg = Debug|x64
		{53ECA139-28DC-4FDB-A815-AE5D4A438BD5}.Debug|x64.Build.0 = Debug|x64
		{53ECA139-28DC-4FDB-A815-AE5D4A438BD5}.Debug|x86.ActiveCfg = Debug|Win32
		{53ECA139-28DC-4FDB-A815-AE5D4A438BD5}.Debug|x86.Build.0 = Debug|Win32
		{53ECA139-28DC-4FDB-A815-AE5D4A438BD5}.Release|ARM64.ActiveCfg = Release|ARM64
		{53ECA139-28DC-4FDB-A815-AE5D4A438BD5}.Release|ARM64.Build.0 = Release|ARM64
		{53ECA139-28DC-4FDB-A815-AE5D4A438BD5}.Release|x64.ActiveCfg = Release|x64
		{53ECA139-28DC-4FDB-A815-AE5D4A438BD5}.Release|x64.Build.0 = Release|x64
		{53ECA139-28DC-4FDB-A815-AE5D4A438BD5}.Release|x86.ActiveCfg = Release|Win32
		{53ECA139-28DC-4FDB-A815-AE5D4A438BD5}.Release|x86.Build.0 = Release|Win32
	EndGlobalSection
	GlobalSection(SolutionProperties) = preSolution
		HideSolutionNode = FALSE
	EndGlobalSection
	GlobalSection(ExtensibilityGlobals) = postSolution
		SolutionGuid = {D6FC9A2F-1E93-42FD-BE99-FB0BD59C7B36}
	EndGlobalSection
EndGlobal
